# THIS IS AN AUTOGENERATED FILE. DO NOT EDIT THIS FILE DIRECTLY.
# yarn lockfile v1


"@webcomponents/webcomponentsjs@^2.2.10":
  version "2.2.10"
  resolved "https://registry.yarnpkg.com/@webcomponents/webcomponentsjs/-/webcomponentsjs-2.2.10.tgz#6f6bee0277833ae98d7e5b46f1e0fdb48cd5ff44"
  integrity sha512-5dzhUhP+h0qMiK0IWb7VNb0OGBoXO3AuI6Qi8t9PoKT50s5L1jv0xnwnLq+cFgPuTB8FLTNP8xIDmyoOsKBy9Q==
